
Microsoft Visual Studio Solution File, Format Version 12.00
# Visual Studio Version 16
VisualStudioVersion = 16.0.33214.272
MinimumVisualStudioVersion = 10.0.40219.1
Project("{FAE04EC0-301F-11D3-BF4B-00C04F79EFBC}") = "pract16", "pract16\pract16.csproj", "{11D1A986-DA2F-4DE3-A16B-35A4950F088C}"
EndProject
Global
	GlobalSection(SolutionConfigurationPlatforms) = preSolution
		Debug|Any CPU = Debug|Any CPU
		Release|Any CPU = Release|Any CPU
	EndGlobalSection
	GlobalSection(ProjectConfigurationPlatforms) = postSolution
		{11D1A986-DA2F-4DE3-A16B-35A4950F088C}.Debug|Any CPU.ActiveCfg = Debug|Any CPU
		{11D1A986-DA2F-4DE3-A16B-35A4950F088C}.Debug|Any CPU.Build.0 = Debug|Any CPU
		{11D1A986-DA2F-4DE3-A16B-35A4950F088C}.Release|Any CPU.ActiveCfg = Release|Any CPU
		{11D1A986-DA2F-4DE3-A16B-35A4950F088C}.Release|Any CPU.Build.0 = Release|Any CPU
	EndGlobalSection
	GlobalSection(SolutionProperties) = preSolution
		HideSolutionNode = FALSE
	EndGlobalSection
	GlobalSection(ExtensibilityGlobals) = postSolution
		SolutionGuid = {68196166-130E-486C-BBA5-D718DF7D3F87}
	EndGlobalSection
EndGlobal
